
Microsoft Visual Studio Solution File, Format Version 12.00
# Visual Studio 15
VisualStudioVersion = 15.0.28307.421
MinimumVisualStudioVersion = 10.0.40219.1
Project("{FAE04EC0-301F-11D3-BF4B-00C04F79EFBC}") = "WindowsFormsApp18", "WindowsFormsApp18\WindowsFormsApp18.csproj", "{6ADF0828-9A6D-4E1E-9D3E-4DBB83800B61}"
EndProject
Global
	GlobalSection(SolutionConfigurationPlatforms) = preSolution
		Debug|Any CPU = Debug|Any CPU
		Release|Any CPU = Release|Any CPU
	EndGlobalSection
	GlobalSection(ProjectConfigurationPlatforms) = postSolution
		{6ADF0828-9A6D-4E1E-9D3E-4DBB83800B61}.Debug|Any CPU.ActiveCfg = Debug|Any CPU
		{6ADF0828-9A6D-4E1E-9D3E-4DBB83800B61}.Debug|Any CPU.Build.0 = Debug|Any CPU
		{6ADF0828-9A6D-4E1E-9D3E-4DBB83800B61}.Release|Any CPU.ActiveCfg = Release|Any CPU
		{6ADF0828-9A6D-4E1E-9D3E-4DBB83800B61}.Release|Any CPU.Build.0 = Release|Any CPU
	EndGlobalSection
	GlobalSection(SolutionProperties) = preSolution
		HideSolutionNode = FALSE
	EndGlobalSection
	GlobalSection(ExtensibilityGlobals) = postSolution
		SolutionGuid = {B61C5C21-0652-4480-B363-402C83B94468}
	EndGlobalSection
EndGlobal
